
Microsoft Visual Studio Solution File, Format Version 12.00
# Visual Studio Version 16
VisualStudioVersion = 16.0.31729.503
MinimumVisualStudioVersion = 10.0.40219.1
Project("{FAE04EC0-301F-11D3-BF4B-00C04F79EFBC}") = "FinalProjectTests", "FinalProjectTests\FinalProjectTests.csproj", "{B49629E4-D1CA-493C-93AA-E82C4C74ADE5}"
EndProject
Global
	GlobalSection(SolutionConfigurationPlatforms) = preSolution
		Debug|Any CPU = Debug|Any CPU
		Release|Any CPU = Release|Any CPU
	EndGlobalSection
	GlobalSection(ProjectConfigurationPlatforms) = postSolution
		{B49629E4-D1CA-493C-93AA-E82C4C74ADE5}.Debug|Any CPU.ActiveCfg = Debug|Any CPU
		{B49629E4-D1CA-493C-93AA-E82C4C74ADE5}.Debug|Any CPU.Build.0 = Debug|Any CPU
		{B49629E4-D1CA-493C-93AA-E82C4C74ADE5}.Release|Any CPU.ActiveCfg = Release|Any CPU
		{B49629E4-D1CA-493C-93AA-E82C4C74ADE5}.Release|Any CPU.Build.0 = Release|Any CPU
	EndGlobalSection
	GlobalSection(SolutionProperties) = preSolution
		HideSolutionNode = FALSE
	EndGlobalSection
	GlobalSection(ExtensibilityGlobals) = postSolution
		SolutionGuid = {F3E11FDF-C286-475D-A938-F3FFB4CFB248}
	EndGlobalSection
EndGlobal
